
Microsoft Visual Studio Solution File, Format Version 12.00
# Visual Studio Version 16
VisualStudioVersion = 16.0.30011.22
MinimumVisualStudioVersion = 10.0.40219.1
Project("{FAE04EC0-301F-11D3-BF4B-00C04F79EFBC}") = "Evaluant.Calculator", "Evaluant.Calculator\Evaluant.Calculator.csproj", "{A2602C0A-36D3-49A3-990F-C78CFFDB532A}"
EndProject
Global
	GlobalSection(SolutionConfigurationPlatforms) = preSolution
		Debug|Any CPU = Debug|Any CPU
		Release|Any CPU = Release|Any CPU
	EndGlobalSection
	GlobalSection(ProjectConfigurationPlatforms) = postSolution
		{A2602C0A-36D3-49A3-990F-C78CFFDB532A}.Debug|Any CPU.ActiveCfg = Debug|Any CPU
		{A2602C0A-36D3-49A3-990F-C78CFFDB532A}.Debug|Any CPU.Build.0 = Debug|Any CPU
		{A2602C0A-36D3-49A3-990F-C78CFFDB532A}.Release|Any CPU.ActiveCfg = Release|Any CPU
		{A2602C0A-36D3-49A3-990F-C78CFFDB532A}.Release|Any CPU.Build.0 = Release|Any CPU
	EndGlobalSection
	GlobalSection(SolutionProperties) = preSolution
		HideSolutionNode = FALSE
	EndGlobalSection
	GlobalSection(ExtensibilityGlobals) = postSolution
		SolutionGuid = {4BE82FD5-B654-4533-9637-F082B5E4F516}
	EndGlobalSection
EndGlobal
